
Microsoft Visual Studio Solution File, Format Version 12.00
# Visual Studio Version 17
VisualStudioVersion = 17.13.35806.99 d17.13
MinimumVisualStudioVersion = 10.0.40219.1
Project("{2150E333-8FDC-42A3-9474-1A3956D46DE8}") = "src", "src", "{02EA681E-C7D8-13C7-8484-4AC65E1B71E8}"
EndProject
Project("{2150E333-8FDC-42A3-9474-1A3956D46DE8}") = "corePackages", "corePackages", "{48F3EA69-CDF1-494B-BFA8-9ADCBD112087}"
EndProject
Project("{2150E333-8FDC-42A3-9474-1A3956D46DE8}") = "eCommerce", "eCommerce", "{5E0762D5-87C8-4593-99C3-E7B039E87B5C}"
EndProject
Project("{FAE04EC0-301F-11D3-BF4B-00C04F79EFBC}") = "Application", "src\eCommerce\Application\Application.csproj", "{27F2E57F-247C-47D0-A112-0139BEE08B97}"
EndProject
Project("{FAE04EC0-301F-11D3-BF4B-00C04F79EFBC}") = "Domain", "src\eCommerce\Domain\Domain.csproj", "{36713AB9-A7D9-41A6-9E0C-FF206558080C}"
EndProject
Project("{FAE04EC0-301F-11D3-BF4B-00C04F79EFBC}") = "Infrastructure", "src\eCommerce\Infrastructure\Infrastructure.csproj", "{8B1F986A-45AC-4D9B-A516-C141FD64F9FC}"
EndProject
Project("{FAE04EC0-301F-11D3-BF4B-00C04F79EFBC}") = "Persistence", "src\eCommerce\Persistence\Persistence.csproj", "{1E00B844-ADD5-4448-BA9F-7A1A4CC8FC4A}"
EndProject
Project("{FAE04EC0-301F-11D3-BF4B-00C04F79EFBC}") = "WebAPI", "src\eCommerce\WebAPI\WebAPI.csproj", "{B57CE496-A7D5-44A3-9228-2F6B6A028A4E}"
EndProject
Global
	GlobalSection(SolutionConfigurationPlatforms) = preSolution
		Debug|Any CPU = Debug|Any CPU
		Release|Any CPU = Release|Any CPU
	EndGlobalSection
	GlobalSection(ProjectConfigurationPlatforms) = postSolution
		{27F2E57F-247C-47D0-A112-0139BEE08B97}.Debug|Any CPU.ActiveCfg = Debug|Any CPU
		{27F2E57F-247C-47D0-A112-0139BEE08B97}.Debug|Any CPU.Build.0 = Debug|Any CPU
		{27F2E57F-247C-47D0-A112-0139BEE08B97}.Release|Any CPU.ActiveCfg = Release|Any CPU
		{27F2E57F-247C-47D0-A112-0139BEE08B97}.Release|Any CPU.Build.0 = Release|Any CPU
		{36713AB9-A7D9-41A6-9E0C-FF206558080C}.Debug|Any CPU.ActiveCfg = Debug|Any CPU
		{36713AB9-A7D9-41A6-9E0C-FF206558080C}.Debug|Any CPU.Build.0 = Debug|Any CPU
		{36713AB9-A7D9-41A6-9E0C-FF206558080C}.Release|Any CPU.ActiveCfg = Release|Any CPU
		{36713AB9-A7D9-41A6-9E0C-FF206558080C}.Release|Any CPU.Build.0 = Release|Any CPU
		{8B1F986A-45AC-4D9B-A516-C141FD64F9FC}.Debug|Any CPU.ActiveCfg = Debug|Any CPU
		{8B1F986A-45AC-4D9B-A516-C141FD64F9FC}.Debug|Any CPU.Build.0 = Debug|Any CPU
		{8B1F986A-45AC-4D9B-A516-C141FD64F9FC}.Release|Any CPU.ActiveCfg = Release|Any CPU
		{8B1F986A-45AC-4D9B-A516-C141FD64F9FC}.Release|Any CPU.Build.0 = Release|Any CPU
		{1E00B844-ADD5-4448-BA9F-7A1A4CC8FC4A}.Debug|Any CPU.ActiveCfg = Debug|Any CPU
		{1E00B844-ADD5-4448-BA9F-7A1A4CC8FC4A}.Debug|Any CPU.Build.0 = Debug|Any CPU
		{1E00B844-ADD5-4448-BA9F-7A1A4CC8FC4A}.Release|Any CPU.ActiveCfg = Release|Any CPU
		{1E00B844-ADD5-4448-BA9F-7A1A4CC8FC4A}.Release|Any CPU.Build.0 = Release|Any CPU
		{B57CE496-A7D5-44A3-9228-2F6B6A028A4E}.Debug|Any CPU.ActiveCfg = Debug|Any CPU
		{B57CE496-A7D5-44A3-9228-2F6B6A028A4E}.Debug|Any CPU.Build.0 = Debug|Any CPU
		{B57CE496-A7D5-44A3-9228-2F6B6A028A4E}.Release|Any CPU.ActiveCfg = Release|Any CPU
		{B57CE496-A7D5-44A3-9228-2F6B6A028A4E}.Release|Any CPU.Build.0 = Release|Any CPU
	EndGlobalSection
	GlobalSection(SolutionProperties) = preSolution
		HideSolutionNode = FALSE
	EndGlobalSection
	GlobalSection(NestedProjects) = preSolution
		{48F3EA69-CDF1-494B-BFA8-9ADCBD112087} = {02EA681E-C7D8-13C7-8484-4AC65E1B71E8}
		{5E0762D5-87C8-4593-99C3-E7B039E87B5C} = {02EA681E-C7D8-13C7-8484-4AC65E1B71E8}
		{27F2E57F-247C-47D0-A112-0139BEE08B97} = {5E0762D5-87C8-4593-99C3-E7B039E87B5C}
		{36713AB9-A7D9-41A6-9E0C-FF206558080C} = {5E0762D5-87C8-4593-99C3-E7B039E87B5C}
		{8B1F986A-45AC-4D9B-A516-C141FD64F9FC} = {5E0762D5-87C8-4593-99C3-E7B039E87B5C}
		{1E00B844-ADD5-4448-BA9F-7A1A4CC8FC4A} = {5E0762D5-87C8-4593-99C3-E7B039E87B5C}
		{B57CE496-A7D5-44A3-9228-2F6B6A028A4E} = {5E0762D5-87C8-4593-99C3-E7B039E87B5C}
	EndGlobalSection
	GlobalSection(ExtensibilityGlobals) = postSolution
		SolutionGuid = {11AB36A7-53EA-40EF-B80D-35E1F21CC1D6}
	EndGlobalSection
EndGlobal
